# THIS IS AN AUTOGENERATED FILE. DO NOT EDIT THIS FILE DIRECTLY.
# yarn lockfile v1


ansi.js@0.0.5:
  version "0.0.5"
  resolved "https://registry.yarnpkg.com/ansi.js/-/ansi.js-0.0.5.tgz#e3e9e45eb6977ba0eeeeed11677d12144675348c"
  dependencies:
    on-new-line "0.0.1"

ascii-progress@^1.0.5:
  version "1.0.5"
  resolved "https://registry.yarnpkg.com/ascii-progress/-/ascii-progress-1.0.5.tgz#9610aa127ab794af561e893613c36c906f78d9ee"
  dependencies:
    ansi.js "0.0.5"
    end-with "^1.0.2"
    get-cursor-position "1.0.3"
    on-new-line "1.0.0"
    start-with "^1.0.2"

end-with@^1.0.2:
  version "1.0.2"
  resolved "https://registry.yarnpkg.com/end-with/-/end-with-1.0.2.tgz#a432755ab4f51e7fc74f3a719c6b81df5d668bdc"

get-cursor-position@1.0.3:
  version "1.0.3"
  resolved "https://registry.yarnpkg.com/get-cursor-position/-/get-cursor-position-1.0.3.tgz#0e41d60343b705836a528d69a5e099e2c5108d63"

get-cursor-position@^1.0.4:
  version "1.0.5"
  resolved "https://registry.yarnpkg.com/get-cursor-position/-/get-cursor-position-1.0.5.tgz#1558c35aa056726eae704d5590aeaa5945989f5a"

on-new-line@0.0.1:
  version "0.0.1"
  resolved "https://registry.yarnpkg.com/on-new-line/-/on-new-line-0.0.1.tgz#99339cb06dcfe3e78d6964a2ef2af374a145f8fb"

on-new-line@1.0.0:
  version "1.0.0"
  resolved "https://registry.yarnpkg.com/on-new-line/-/on-new-line-1.0.0.tgz#8585bc2866c8c0e192e410a6d63bdd1722148ae7"

start-with@^1.0.2:
  version "1.0.2"
  resolved "https://registry.yarnpkg.com/start-with/-/start-with-1.0.2.tgz#a069a5f46a95fca7f0874f85a28f653d0095c267"
